
Microsoft Visual Studio Solution File, Format Version 12.00
# Visual Studio Version 17
VisualStudioVersion = 17.8.34316.72
MinimumVisualStudioVersion = 10.0.40219.1
Project("{FAE04EC0-301F-11D3-BF4B-00C04F79EFBC}") = "TaskManager", "TaskManager\TaskManager.csproj", "{9BD9C17E-16E8-4C58-A9AE-F1A3E3163229}"
EndProject
Global
	GlobalSection(SolutionConfigurationPlatforms) = preSolution
		Debug|Any CPU = Debug|Any CPU
		Release|Any CPU = Release|Any CPU
	EndGlobalSection
	GlobalSection(ProjectConfigurationPlatforms) = postSolution
		{9BD9C17E-16E8-4C58-A9AE-F1A3E3163229}.Debug|Any CPU.ActiveCfg = Debug|Any CPU
		{9BD9C17E-16E8-4C58-A9AE-F1A3E3163229}.Debug|Any CPU.Build.0 = Debug|Any CPU
		{9BD9C17E-16E8-4C58-A9AE-F1A3E3163229}.Release|Any CPU.ActiveCfg = Release|Any CPU
		{9BD9C17E-16E8-4C58-A9AE-F1A3E3163229}.Release|Any CPU.Build.0 = Release|Any CPU
	EndGlobalSection
	GlobalSection(SolutionProperties) = preSolution
		HideSolutionNode = FALSE
	EndGlobalSection
	GlobalSection(ExtensibilityGlobals) = postSolution
		SolutionGuid = {A0707926-7272-480D-BD56-7F280A887698}
	EndGlobalSection
EndGlobal
